{
  "object": {
    "pins": [
      {
        "package": "SwiftKit",
        "repositoryURL": "https://github.com/danielsaidi/SwiftKit",
        "state": {
          "branch": "master",
          "revision": "2915042fa5e48a56478db16734ba00ff9e098700",
          "version": null
        }
      }
    ]
  },
  "version": 1
}
